
Microsoft Visual Studio Solution File, Format Version 12.00
# Visual Studio Version 16
VisualStudioVersion = 16.0.30517.126
MinimumVisualStudioVersion = 10.0.40219.1
Project("{FAE04EC0-301F-11D3-BF4B-00C04F79EFBC}") = "OpdrachtPE01_ArthurStragier.WPF", "OpdrachtPE01_ArthurStragier.WPF\OpdrachtPE01_ArthurStragier.WPF.csproj", "{3234E203-DFC2-405A-A8AE-1B07831CE474}"
EndProject
Global
	GlobalSection(SolutionConfigurationPlatforms) = preSolution
		Debug|Any CPU = Debug|Any CPU
		Release|Any CPU = Release|Any CPU
	EndGlobalSection
	GlobalSection(ProjectConfigurationPlatforms) = postSolution
		{3234E203-DFC2-405A-A8AE-1B07831CE474}.Debug|Any CPU.ActiveCfg = Debug|Any CPU
		{3234E203-DFC2-405A-A8AE-1B07831CE474}.Debug|Any CPU.Build.0 = Debug|Any CPU
		{3234E203-DFC2-405A-A8AE-1B07831CE474}.Release|Any CPU.ActiveCfg = Release|Any CPU
		{3234E203-DFC2-405A-A8AE-1B07831CE474}.Release|Any CPU.Build.0 = Release|Any CPU
	EndGlobalSection
	GlobalSection(SolutionProperties) = preSolution
		HideSolutionNode = FALSE
	EndGlobalSection
	GlobalSection(ExtensibilityGlobals) = postSolution
		SolutionGuid = {691819F1-CDB7-49FA-99C0-A039490B75FF}
	EndGlobalSection
EndGlobal
